
Microsoft Visual Studio Solution File, Format Version 12.00
# Visual Studio 2012
Project("{FAE04EC0-301F-11D3-BF4B-00C04F79EFBC}") = "Baymax Startup", "Baymax Startup\Baymax Startup.csproj", "{593AD137-40E4-4074-BF85-497F4535E498}"
EndProject
Project("{6141683F-8A12-4E36-9623-2EB02B2C2303}") = "Baymax Setup", "Baymax Setup\Baymax Setup.isproj", "{E8AB9EFB-B586-45AB-A284-67E63E726F12}"
EndProject
Global
	GlobalSection(SolutionConfigurationPlatforms) = preSolution
		CD_ROM|Any CPU = CD_ROM|Any CPU
		Debug|Any CPU = Debug|Any CPU
		DVD-5|Any CPU = DVD-5|Any CPU
		Release|Any CPU = Release|Any CPU
		SingleImage|Any CPU = SingleImage|Any CPU
	EndGlobalSection
	GlobalSection(ProjectConfigurationPlatforms) = postSolution
		{593AD137-40E4-4074-BF85-497F4535E498}.CD_ROM|Any CPU.ActiveCfg = Release|Any CPU
		{593AD137-40E4-4074-BF85-497F4535E498}.CD_ROM|Any CPU.Build.0 = Release|Any CPU
		{593AD137-40E4-4074-BF85-497F4535E498}.Debug|Any CPU.ActiveCfg = Debug|Any CPU
		{593AD137-40E4-4074-BF85-497F4535E498}.Debug|Any CPU.Build.0 = Debug|Any CPU
		{593AD137-40E4-4074-BF85-497F4535E498}.DVD-5|Any CPU.ActiveCfg = Debug|Any CPU
		{593AD137-40E4-4074-BF85-497F4535E498}.DVD-5|Any CPU.Build.0 = Debug|Any CPU
		{593AD137-40E4-4074-BF85-497F4535E498}.Release|Any CPU.ActiveCfg = Release|Any CPU
		{593AD137-40E4-4074-BF85-497F4535E498}.Release|Any CPU.Build.0 = Release|Any CPU
		{593AD137-40E4-4074-BF85-497F4535E498}.SingleImage|Any CPU.ActiveCfg = Release|Any CPU
		{593AD137-40E4-4074-BF85-497F4535E498}.SingleImage|Any CPU.Build.0 = Release|Any CPU
		{E8AB9EFB-B586-45AB-A284-67E63E726F12}.CD_ROM|Any CPU.ActiveCfg = CD_ROM
		{E8AB9EFB-B586-45AB-A284-67E63E726F12}.CD_ROM|Any CPU.Build.0 = CD_ROM
		{E8AB9EFB-B586-45AB-A284-67E63E726F12}.Debug|Any CPU.ActiveCfg = DVD-5
		{E8AB9EFB-B586-45AB-A284-67E63E726F12}.Debug|Any CPU.Build.0 = DVD-5
		{E8AB9EFB-B586-45AB-A284-67E63E726F12}.DVD-5|Any CPU.ActiveCfg = DVD-5
		{E8AB9EFB-B586-45AB-A284-67E63E726F12}.DVD-5|Any CPU.Build.0 = DVD-5
		{E8AB9EFB-B586-45AB-A284-67E63E726F12}.Release|Any CPU.ActiveCfg = SingleImage
		{E8AB9EFB-B586-45AB-A284-67E63E726F12}.Release|Any CPU.Build.0 = SingleImage
		{E8AB9EFB-B586-45AB-A284-67E63E726F12}.SingleImage|Any CPU.ActiveCfg = SingleImage
		{E8AB9EFB-B586-45AB-A284-67E63E726F12}.SingleImage|Any CPU.Build.0 = SingleImage
	EndGlobalSection
	GlobalSection(SolutionProperties) = preSolution
		HideSolutionNode = FALSE
	EndGlobalSection
EndGlobal
